
Microsoft Visual Studio Solution File, Format Version 12.00
# Visual Studio Version 16
VisualStudioVersion = 16.0.30320.27
MinimumVisualStudioVersion = 10.0.40219.1
Project("{FAE04EC0-301F-11D3-BF4B-00C04F79EFBC}") = "UserService", "UserService\UserService.csproj", "{7D5DFA8B-9DBE-4D82-8967-DD5D69C83CA5}"
EndProject
Project("{FAE04EC0-301F-11D3-BF4B-00C04F79EFBC}") = "APIGateway", "APIGateway\APIGateway.csproj", "{F6EC2810-AFAD-40B1-B7FD-C9A4E52F8228}"
EndProject
Global
	GlobalSection(SolutionConfigurationPlatforms) = preSolution
		Debug|Any CPU = Debug|Any CPU
		Release|Any CPU = Release|Any CPU
	EndGlobalSection
	GlobalSection(ProjectConfigurationPlatforms) = postSolution
		{7D5DFA8B-9DBE-4D82-8967-DD5D69C83CA5}.Debug|Any CPU.ActiveCfg = Debug|Any CPU
		{7D5DFA8B-9DBE-4D82-8967-DD5D69C83CA5}.Debug|Any CPU.Build.0 = Debug|Any CPU
		{7D5DFA8B-9DBE-4D82-8967-DD5D69C83CA5}.Release|Any CPU.ActiveCfg = Release|Any CPU
		{7D5DFA8B-9DBE-4D82-8967-DD5D69C83CA5}.Release|Any CPU.Build.0 = Release|Any CPU
		{F6EC2810-AFAD-40B1-B7FD-C9A4E52F8228}.Debug|Any CPU.ActiveCfg = Debug|Any CPU
		{F6EC2810-AFAD-40B1-B7FD-C9A4E52F8228}.Debug|Any CPU.Build.0 = Debug|Any CPU
		{F6EC2810-AFAD-40B1-B7FD-C9A4E52F8228}.Release|Any CPU.ActiveCfg = Release|Any CPU
		{F6EC2810-AFAD-40B1-B7FD-C9A4E52F8228}.Release|Any CPU.Build.0 = Release|Any CPU
	EndGlobalSection
	GlobalSection(SolutionProperties) = preSolution
		HideSolutionNode = FALSE
	EndGlobalSection
	GlobalSection(ExtensibilityGlobals) = postSolution
		SolutionGuid = {A3493926-A00F-4188-94CC-2E9DED04DC64}
	EndGlobalSection
EndGlobal
